{
  "name": "resume-matcher",
  "version": "1.0.0",
  "lockfileVersion": 3,
  "requires": true,
  "packages": {
    "": {
      "name": "resume-matcher",
      "version": "1.0.0",
      "license": "MIT",
      "dependencies": {
        "serve": "^14.2.1"
      },
      "engines": {
        "node": ">=18.0.0"
      }
    },
    "node_modules/serve": {
      "version": "14.2.1",
      "resolved": "https://registry.npmjs.org/serve/-/serve-14.2.1.tgz",
      "integrity": "sha512-8eU/7QyH0hBQnuE6F8H3vz9OW0yqLr8yFV6LtgJ1QqI8J8PEnHvXqkL+8p6nA8p2w==",
      "dependencies": {
        "@zeit/schemas": "2.6.0",
        "ajv": "6.12.6",
        "arg": "5.0.2",
        "chalk": "4.1.2",
        "clipboardy": "3.0.0",
        "compression": "1.7.4",
        "execa": "5.1.1",
        "get-port": "5.1.1",
        "handlebars": "4.7.7",
        "http-proxy": "1.18.1",
        "listhen": "1.1.0",
        "micromatch": "4.0.5",
        "minimist": "1.2.8",
        "serve-handler": "6.1.5"
      },
      "bin": {
        "serve": "dist/serve.js"
      },
      "engines": {
        "node": ">=14"
      }
    }
  },
  "dependencies": {
    "serve": {
      "version": "14.2.1",
      "resolved": "https://registry.npmjs.org/serve/-/serve-14.2.1.tgz",
      "integrity": "sha512-8eU/7QyH0hBQnuE6F8H3vz9OW0yqLr8yFV6LtgJ1QqI8J8PEnHvXqkL+8p6nA8p2w==",
      "requires": {
        "@zeit/schemas": "2.6.0",
        "ajv": "6.12.6",
        "arg": "5.0.2",
        "chalk": "4.1.2",
        "clipboardy": "3.0.0",
        "compression": "1.7.4",
        "execa": "5.1.1",
        "get-port": "5.1.1",
        "handlebars": "4.7.7",
        "http-proxy": "1.18.1",
        "listhen": "1.1.0",
        "micromatch": "4.0.5",
        "minimist": "1.2.8",
        "serve-handler": "6.1.5"
      }
    }
  }
}